// !$*UTF8*$!
{
	archiveVersion = 1;
	classes = {
	};
	objectVersion = 56;
	objects = {

/* Begin PBXBuildFile section */
		9219F7CB2C778DA2005FBD75 /* PhotoListViewController.xib in Resources */ = {isa = PBXBuildFile; fileRef = 9219F7CA2C778DA2005FBD75 /* PhotoListViewController.xib */; };
		9219F7CC2C778DA2005FBD75 /* PhotoListViewController.swift in Sources */ = {isa = PBXBuildFile; fileRef = 9219F7C92C778DA2005FBD75 /* PhotoListViewController.swift */; };
		9219F7D02C7791CE005FBD75 /* PhotoDetailsViewController.xib in Resources */ = {isa = PBXBuildFile; fileRef = 9219F7CF2C7791CE005FBD75 /* PhotoDetailsViewController.xib */; };
		9219F7D12C7791CE005FBD75 /* PhotoDetailsViewController.swift in Sources */ = {isa = PBXBuildFile; fileRef = 9219F7CE2C7791CE005FBD75 /* PhotoDetailsViewController.swift */; };
		924315C62C74CD28009D1583 /* AppDelegate.swift in Sources */ = {isa = PBXBuildFile; fileRef = 924315C52C74CD28009D1583 /* AppDelegate.swift */; };
		924315C82C74CD28009D1583 /* SceneDelegate.swift in Sources */ = {isa = PBXBuildFile; fileRef = 924315C72C74CD28009D1583 /* SceneDelegate.swift */; };
		924315CD2C74CD28009D1583 /* Base in Resources */ = {isa = PBXBuildFile; fileRef = 924315CC2C74CD28009D1583 /* Base */; };
		924315CF2C74CD2B009D1583 /* Assets.xcassets in Resources */ = {isa = PBXBuildFile; fileRef = 924315CE2C74CD2B009D1583 /* Assets.xcassets */; };
		924315D22C74CD2B009D1583 /* Base in Resources */ = {isa = PBXBuildFile; fileRef = 924315D12C74CD2B009D1583 /* Base */; };
		924315DF2C74D342009D1583 /* Environment.swift in Sources */ = {isa = PBXBuildFile; fileRef = 924315DE2C74D342009D1583 /* Environment.swift */; };
		924315E62C74E695009D1583 /* PhotoListViewModel.swift in Sources */ = {isa = PBXBuildFile; fileRef = 924315E52C74E695009D1583 /* PhotoListViewModel.swift */; };
		924315E92C74E6DA009D1583 /* PhotoModel.swift in Sources */ = {isa = PBXBuildFile; fileRef = 924315E82C74E6DA009D1583 /* PhotoModel.swift */; };
		924315ED2C74E757009D1583 /* PhotoCell.xib in Resources */ = {isa = PBXBuildFile; fileRef = 924315EC2C74E757009D1583 /* PhotoCell.xib */; };
		924315EE2C74E757009D1583 /* PhotoCell.swift in Sources */ = {isa = PBXBuildFile; fileRef = 924315EB2C74E757009D1583 /* PhotoCell.swift */; };
		9246B35D2C75056C009571A3 /* IndicatorCell.swift in Sources */ = {isa = PBXBuildFile; fileRef = 9246B35B2C75056B009571A3 /* IndicatorCell.swift */; };
		9246B35E2C75056C009571A3 /* IndicatorCell.xib in Resources */ = {isa = PBXBuildFile; fileRef = 9246B35C2C75056B009571A3 /* IndicatorCell.xib */; };
		927BA35D2C75A4EC00B90919 /* PushRelevantViewController.swift in Sources */ = {isa = PBXBuildFile; fileRef = 927BA35C2C75A4EC00B90919 /* PushRelevantViewController.swift */; };
		92DCEED62C74F4EB00E209BA /* Extension.swift in Sources */ = {isa = PBXBuildFile; fileRef = 92DCEED52C74F4EB00E209BA /* Extension.swift */; };
		FE2C86264D3E486838802335 /* Pods_PhotoGrid.framework in Frameworks */ = {isa = PBXBuildFile; fileRef = 8418DF02DB0E7FEF3082C3EC /* Pods_PhotoGrid.framework */; };
/* End PBXBuildFile section */

/* Begin PBXFileReference section */
		0A0858A0E024C20BFBD4E0AA /* Pods-PhotoGrid.release(dev).xcconfig */ = {isa = PBXFileReference; includeInIndex = 1; lastKnownFileType = text.xcconfig; name = "Pods-PhotoGrid.release(dev).xcconfig"; path = "Target Support Files/Pods-PhotoGrid/Pods-PhotoGrid.release(dev).xcconfig"; sourceTree = "<group>"; };
		295DFE1A13111C3CCEE3A2D8 /* Pods-PhotoGrid.debug(dev).xcconfig */ = {isa = PBXFileReference; includeInIndex = 1; lastKnownFileType = text.xcconfig; name = "Pods-PhotoGrid.debug(dev).xcconfig"; path = "Target Support Files/Pods-PhotoGrid/Pods-PhotoGrid.debug(dev).xcconfig"; sourceTree = "<group>"; };
		6AF18CE3F8A30FC380B0A957 /* Pods-PhotoGrid.debug.xcconfig */ = {isa = PBXFileReference; includeInIndex = 1; lastKnownFileType = text.xcconfig; name = "Pods-PhotoGrid.debug.xcconfig"; path = "Target Support Files/Pods-PhotoGrid/Pods-PhotoGrid.debug.xcconfig"; sourceTree = "<group>"; };
		8418DF02DB0E7FEF3082C3EC /* Pods_PhotoGrid.framework */ = {isa = PBXFileReference; explicitFileType = wrapper.framework; includeInIndex = 0; path = Pods_PhotoGrid.framework; sourceTree = BUILT_PRODUCTS_DIR; };
		9219F7C92C778DA2005FBD75 /* PhotoListViewController.swift */ = {isa = PBXFileReference; lastKnownFileType = sourcecode.swift; path = PhotoListViewController.swift; sourceTree = "<group>"; };
		9219F7CA2C778DA2005FBD75 /* PhotoListViewController.xib */ = {isa = PBXFileReference; lastKnownFileType = file.xib; path = PhotoListViewController.xib; sourceTree = "<group>"; };
		9219F7CE2C7791CE005FBD75 /* PhotoDetailsViewController.swift */ = {isa = PBXFileReference; lastKnownFileType = sourcecode.swift; path = PhotoDetailsViewController.swift; sourceTree = "<group>"; };
		9219F7CF2C7791CE005FBD75 /* PhotoDetailsViewController.xib */ = {isa = PBXFileReference; lastKnownFileType = file.xib; path = PhotoDetailsViewController.xib; sourceTree = "<group>"; };
		924315C22C74CD28009D1583 /* PhotoGrid.app */ = {isa = PBXFileReference; explicitFileType = wrapper.application; includeInIndex = 0; path = PhotoGrid.app; sourceTree = BUILT_PRODUCTS_DIR; };
		924315C52C74CD28009D1583 /* AppDelegate.swift */ = {isa = PBXFileReference; lastKnownFileType = sourcecode.swift; path = AppDelegate.swift; sourceTree = "<group>"; };
		924315C72C74CD28009D1583 /* SceneDelegate.swift */ = {isa = PBXFileReference; lastKnownFileType = sourcecode.swift; path = SceneDelegate.swift; sourceTree = "<group>"; };
		924315CC2C74CD28009D1583 /* Base */ = {isa = PBXFileReference; lastKnownFileType = file.storyboard; name = Base; path = Base.lproj/Main.storyboard; sourceTree = "<group>"; };
		924315CE2C74CD2B009D1583 /* Assets.xcassets */ = {isa = PBXFileReference; lastKnownFileType = folder.assetcatalog; path = Assets.xcassets; sourceTree = "<group>"; };
		924315D12C74CD2B009D1583 /* Base */ = {isa = PBXFileReference; lastKnownFileType = file.storyboard; name = Base; path = Base.lproj/LaunchScreen.storyboard; sourceTree = "<group>"; };
		924315D32C74CD2B009D1583 /* Info.plist */ = {isa = PBXFileReference; lastKnownFileType = text.plist.xml; path = Info.plist; sourceTree = "<group>"; };
		924315D92C74CF95009D1583 /* Prod.xcconfig */ = {isa = PBXFileReference; lastKnownFileType = text.xcconfig; path = Prod.xcconfig; sourceTree = "<group>"; };
		924315DB2C74CFCF009D1583 /* Dev.xcconfig */ = {isa = PBXFileReference; lastKnownFileType = text.xcconfig; path = Dev.xcconfig; sourceTree = "<group>"; };
		924315DE2C74D342009D1583 /* Environment.swift */ = {isa = PBXFileReference; lastKnownFileType = sourcecode.swift; path = Environment.swift; sourceTree = "<group>"; };
		924315E52C74E695009D1583 /* PhotoListViewModel.swift */ = {isa = PBXFileReference; lastKnownFileType = sourcecode.swift; path = PhotoListViewModel.swift; sourceTree = "<group>"; };
		924315E82C74E6DA009D1583 /* PhotoModel.swift */ = {isa = PBXFileReference; lastKnownFileType = sourcecode.swift; path = PhotoModel.swift; sourceTree = "<group>"; };
		924315EB2C74E757009D1583 /* PhotoCell.swift */ = {isa = PBXFileReference; lastKnownFileType = sourcecode.swift; path = PhotoCell.swift; sourceTree = "<group>"; };
		924315EC2C74E757009D1583 /* PhotoCell.xib */ = {isa = PBXFileReference; lastKnownFileType = file.xib; path = PhotoCell.xib; sourceTree = "<group>"; };
		9246B35B2C75056B009571A3 /* IndicatorCell.swift */ = {isa = PBXFileReference; lastKnownFileType = sourcecode.swift; path = IndicatorCell.swift; sourceTree = "<group>"; };
		9246B35C2C75056B009571A3 /* IndicatorCell.xib */ = {isa = PBXFileReference; lastKnownFileType = file.xib; path = IndicatorCell.xib; sourceTree = "<group>"; };
		927BA35C2C75A4EC00B90919 /* PushRelevantViewController.swift */ = {isa = PBXFileReference; lastKnownFileType = sourcecode.swift; path = PushRelevantViewController.swift; sourceTree = "<group>"; };
		92DCEED52C74F4EB00E209BA /* Extension.swift */ = {isa = PBXFileReference; lastKnownFileType = sourcecode.swift; path = Extension.swift; sourceTree = "<group>"; };
		D0A493D43B59DA18F54A77AB /* Pods-PhotoGrid.release.xcconfig */ = {isa = PBXFileReference; includeInIndex = 1; lastKnownFileType = text.xcconfig; name = "Pods-PhotoGrid.release.xcconfig"; path = "Target Support Files/Pods-PhotoGrid/Pods-PhotoGrid.release.xcconfig"; sourceTree = "<group>"; };
/* End PBXFileReference section */

/* Begin PBXFrameworksBuildPhase section */
		924315BF2C74CD28009D1583 /* Frameworks */ = {
			isa = PBXFrameworksBuildPhase;
			buildActionMask = 2147483647;
			files = (
				FE2C86264D3E486838802335 /* Pods_PhotoGrid.framework in Frameworks */,
			);
			runOnlyForDeploymentPostprocessing = 0;
		};
/* End PBXFrameworksBuildPhase section */

/* Begin PBXGroup section */
		9219F7CD2C778E7A005FBD75 /* PhotoList */ = {
			isa = PBXGroup;
			children = (
				9219F7C92C778DA2005FBD75 /* PhotoListViewController.swift */,
				9219F7CA2C778DA2005FBD75 /* PhotoListViewController.xib */,
			);
			path = PhotoList;
			sourceTree = "<group>";
		};
		9219F7D22C7791E1005FBD75 /* PhotoDetails */ = {
			isa = PBXGroup;
			children = (
				9219F7CE2C7791CE005FBD75 /* PhotoDetailsViewController.swift */,
				9219F7CF2C7791CE005FBD75 /* PhotoDetailsViewController.xib */,
			);
			path = PhotoDetails;
			sourceTree = "<group>";
		};
		924315B92C74CD28009D1583 = {
			isa = PBXGroup;
			children = (
				924315C42C74CD28009D1583 /* PhotoGrid */,
				924315C32C74CD28009D1583 /* Products */,
				C69E97385EDCA1C5F94D46A0 /* Pods */,
				D7717E06A77A8D66A1BEB490 /* Frameworks */,
			);
			sourceTree = "<group>";
		};
		924315C32C74CD28009D1583 /* Products */ = {
			isa = PBXGroup;
			children = (
				924315C22C74CD28009D1583 /* PhotoGrid.app */,
			);
			name = Products;
			sourceTree = "<group>";
		};
		924315C42C74CD28009D1583 /* PhotoGrid */ = {
			isa = PBXGroup;
			children = (
				924315C52C74CD28009D1583 /* AppDelegate.swift */,
				924315C72C74CD28009D1583 /* SceneDelegate.swift */,
				924315EF2C74E75F009D1583 /* Cells */,
				924315EA2C74E6E7009D1583 /* Model */,
				92DCEED72C74F4FA00E209BA /* Utils */,
				924315E42C74E669009D1583 /* View */,
				924315E72C74E6A8009D1583 /* ViewModel */,
				924315CB2C74CD28009D1583 /* Main.storyboard */,
				924315CE2C74CD2B009D1583 /* Assets.xcassets */,
				924315D02C74CD2B009D1583 /* LaunchScreen.storyboard */,
				924315D32C74CD2B009D1583 /* Info.plist */,
				924315DD2C74CFE0009D1583 /* Environment */,
			);
			path = PhotoGrid;
			sourceTree = "<group>";
		};
		924315DD2C74CFE0009D1583 /* Environment */ = {
			isa = PBXGroup;
			children = (
				924315DE2C74D342009D1583 /* Environment.swift */,
				924315DB2C74CFCF009D1583 /* Dev.xcconfig */,
				924315D92C74CF95009D1583 /* Prod.xcconfig */,
			);
			path = Environment;
			sourceTree = "<group>";
		};
		924315E42C74E669009D1583 /* View */ = {
			isa = PBXGroup;
			children = (
				9219F7D22C7791E1005FBD75 /* PhotoDetails */,
				9219F7CD2C778E7A005FBD75 /* PhotoList */,
			);
			path = View;
			sourceTree = "<group>";
		};
		924315E72C74E6A8009D1583 /* ViewModel */ = {
			isa = PBXGroup;
			children = (
				924315E52C74E695009D1583 /* PhotoListViewModel.swift */,
			);
			path = ViewModel;
			sourceTree = "<group>";
		};
		924315EA2C74E6E7009D1583 /* Model */ = {
			isa = PBXGroup;
			children = (
				924315E82C74E6DA009D1583 /* PhotoModel.swift */,
			);
			path = Model;
			sourceTree = "<group>";
		};
		924315EF2C74E75F009D1583 /* Cells */ = {
			isa = PBXGroup;
			children = (
				9246B35F2C750574009571A3 /* IndicatorCell */,
				92DCEED82C75041300E209BA /* PhotoCell */,
			);
			path = Cells;
			sourceTree = "<group>";
		};
		9246B35F2C750574009571A3 /* IndicatorCell */ = {
			isa = PBXGroup;
			children = (
				9246B35B2C75056B009571A3 /* IndicatorCell.swift */,
				9246B35C2C75056B009571A3 /* IndicatorCell.xib */,
			);
			path = IndicatorCell;
			sourceTree = "<group>";
		};
		92DCEED72C74F4FA00E209BA /* Utils */ = {
			isa = PBXGroup;
			children = (
				92DCEED52C74F4EB00E209BA /* Extension.swift */,
				927BA35C2C75A4EC00B90919 /* PushRelevantViewController.swift */,
			);
			path = Utils;
			sourceTree = "<group>";
		};
		92DCEED82C75041300E209BA /* PhotoCell */ = {
			isa = PBXGroup;
			children = (
				924315EB2C74E757009D1583 /* PhotoCell.swift */,
				924315EC2C74E757009D1583 /* PhotoCell.xib */,
			);
			path = PhotoCell;
			sourceTree = "<group>";
		};
		C69E97385EDCA1C5F94D46A0 /* Pods */ = {
			isa = PBXGroup;
			children = (
				6AF18CE3F8A30FC380B0A957 /* Pods-PhotoGrid.debug.xcconfig */,
				D0A493D43B59DA18F54A77AB /* Pods-PhotoGrid.release.xcconfig */,
				295DFE1A13111C3CCEE3A2D8 /* Pods-PhotoGrid.debug(dev).xcconfig */,
				0A0858A0E024C20BFBD4E0AA /* Pods-PhotoGrid.release(dev).xcconfig */,
			);
			path = Pods;
			sourceTree = "<group>";
		};
		D7717E06A77A8D66A1BEB490 /* Frameworks */ = {
			isa = PBXGroup;
			children = (
				8418DF02DB0E7FEF3082C3EC /* Pods_PhotoGrid.framework */,
			);
			name = Frameworks;
			sourceTree = "<group>";
		};
/* End PBXGroup section */

/* Begin PBXNativeTarget section */
		924315C12C74CD28009D1583 /* PhotoGrid */ = {
			isa = PBXNativeTarget;
			buildConfigurationList = 924315D62C74CD2B009D1583 /* Build configuration list for PBXNativeTarget "PhotoGrid" */;
			buildPhases = (
				EA8184102BCDB6AC0827B83A /* [CP] Check Pods Manifest.lock */,
				924315BE2C74CD28009D1583 /* Sources */,
				924315BF2C74CD28009D1583 /* Frameworks */,
				924315C02C74CD28009D1583 /* Resources */,
				A76FF71BEB3E6B2C85E78B6C /* [CP] Embed Pods Frameworks */,
			);
			buildRules = (
			);
			dependencies = (
			);
			name = PhotoGrid;
			productName = PhotoGrid;
			productReference = 924315C22C74CD28009D1583 /* PhotoGrid.app */;
			productType = "com.apple.product-type.application";
		};
/* End PBXNativeTarget section */

/* Begin PBXProject section */
		924315BA2C74CD28009D1583 /* Project object */ = {
			isa = PBXProject;
			attributes = {
				BuildIndependentTargetsInParallel = 1;
				LastSwiftUpdateCheck = 1540;
				LastUpgradeCheck = 1540;
				TargetAttributes = {
					924315C12C74CD28009D1583 = {
						CreatedOnToolsVersion = 15.4;
						LastSwiftMigration = 1540;
					};
				};
			};
			buildConfigurationList = 924315BD2C74CD28009D1583 /* Build configuration list for PBXProject "PhotoGrid" */;
			compatibilityVersion = "Xcode 14.0";
			developmentRegion = en;
			hasScannedForEncodings = 0;
			knownRegions = (
				en,
				Base,
			);
			mainGroup = 924315B92C74CD28009D1583;
			productRefGroup = 924315C32C74CD28009D1583 /* Products */;
			projectDirPath = "";
			projectRoot = "";
			targets = (
				924315C12C74CD28009D1583 /* PhotoGrid */,
			);
		};
/* End PBXProject section */

/* Begin PBXResourcesBuildPhase section */
		924315C02C74CD28009D1583 /* Resources */ = {
			isa = PBXResourcesBuildPhase;
			buildActionMask = 2147483647;
			files = (
				924315ED2C74E757009D1583 /* PhotoCell.xib in Resources */,
				9219F7CB2C778DA2005FBD75 /* PhotoListViewController.xib in Resources */,
				9246B35E2C75056C009571A3 /* IndicatorCell.xib in Resources */,
				924315CF2C74CD2B009D1583 /* Assets.xcassets in Resources */,
				924315D22C74CD2B009D1583 /* Base in Resources */,
				924315CD2C74CD28009D1583 /* Base in Resources */,
				9219F7D02C7791CE005FBD75 /* PhotoDetailsViewController.xib in Resources */,
			);
			runOnlyForDeploymentPostprocessing = 0;
		};
/* End PBXResourcesBuildPhase section */

/* Begin PBXShellScriptBuildPhase section */
		A76FF71BEB3E6B2C85E78B6C /* [CP] Embed Pods Frameworks */ = {
			isa = PBXShellScriptBuildPhase;
			buildActionMask = 2147483647;
			files = (
			);
			inputFileListPaths = (
				"${PODS_ROOT}/Target Support Files/Pods-PhotoGrid/Pods-PhotoGrid-frameworks-${CONFIGURATION}-input-files.xcfilelist",
			);
			name = "[CP] Embed Pods Frameworks";
			outputFileListPaths = (
				"${PODS_ROOT}/Target Support Files/Pods-PhotoGrid/Pods-PhotoGrid-frameworks-${CONFIGURATION}-output-files.xcfilelist",
			);
			runOnlyForDeploymentPostprocessing = 0;
			shellPath = /bin/sh;
			shellScript = "\"${PODS_ROOT}/Target Support Files/Pods-PhotoGrid/Pods-PhotoGrid-frameworks.sh\"\n";
			showEnvVarsInLog = 0;
		};
		EA8184102BCDB6AC0827B83A /* [CP] Check Pods Manifest.lock */ = {
			isa = PBXShellScriptBuildPhase;
			buildActionMask = 2147483647;
			files = (
			);
			inputFileListPaths = (
			);
			inputPaths = (
				"${PODS_PODFILE_DIR_PATH}/Podfile.lock",
				"${PODS_ROOT}/Manifest.lock",
			);
			name = "[CP] Check Pods Manifest.lock";
			outputFileListPaths = (
			);
			outputPaths = (
				"$(DERIVED_FILE_DIR)/Pods-PhotoGrid-checkManifestLockResult.txt",
			);
			runOnlyForDeploymentPostprocessing = 0;
			shellPath = /bin/sh;
			shellScript = "diff \"${PODS_PODFILE_DIR_PATH}/Podfile.lock\" \"${PODS_ROOT}/Manifest.lock\" > /dev/null\nif [ $? != 0 ] ; then\n    # print error to STDERR\n    echo \"error: The sandbox is not in sync with the Podfile.lock. Run 'pod install' or update your CocoaPods installation.\" >&2\n    exit 1\nfi\n# This output is used by Xcode 'outputs' to avoid re-running this script phase.\necho \"SUCCESS\" > \"${SCRIPT_OUTPUT_FILE_0}\"\n";
			showEnvVarsInLog = 0;
		};
/* End PBXShellScriptBuildPhase section */

/* Begin PBXSourcesBuildPhase section */
		924315BE2C74CD28009D1583 /* Sources */ = {
			isa = PBXSourcesBuildPhase;
			buildActionMask = 2147483647;
			files = (
				924315EE2C74E757009D1583 /* PhotoCell.swift in Sources */,
				9246B35D2C75056C009571A3 /* IndicatorCell.swift in Sources */,
				924315E92C74E6DA009D1583 /* PhotoModel.swift in Sources */,
				924315DF2C74D342009D1583 /* Environment.swift in Sources */,
				9219F7D12C7791CE005FBD75 /* PhotoDetailsViewController.swift in Sources */,
				927BA35D2C75A4EC00B90919 /* PushRelevantViewController.swift in Sources */,
				924315C62C74CD28009D1583 /* AppDelegate.swift in Sources */,
				924315E62C74E695009D1583 /* PhotoListViewModel.swift in Sources */,
				9219F7CC2C778DA2005FBD75 /* PhotoListViewController.swift in Sources */,
				924315C82C74CD28009D1583 /* SceneDelegate.swift in Sources */,
				92DCEED62C74F4EB00E209BA /* Extension.swift in Sources */,
			);
			runOnlyForDeploymentPostprocessing = 0;
		};
/* End PBXSourcesBuildPhase section */

/* Begin PBXVariantGroup section */
		924315CB2C74CD28009D1583 /* Main.storyboard */ = {
			isa = PBXVariantGroup;
			children = (
				924315CC2C74CD28009D1583 /* Base */,
			);
			name = Main.storyboard;
			sourceTree = "<group>";
		};
		924315D02C74CD2B009D1583 /* LaunchScreen.storyboard */ = {
			isa = PBXVariantGroup;
			children = (
				924315D12C74CD2B009D1583 /* Base */,
			);
			name = LaunchScreen.storyboard;
			sourceTree = "<group>";
		};
/* End PBXVariantGroup section */

/* Begin XCBuildConfiguration section */
		924315D42C74CD2B009D1583 /* Debug */ = {
			isa = XCBuildConfiguration;
			baseConfigurationReference = 924315D92C74CF95009D1583 /* Prod.xcconfig */;
			buildSettings = {
				ALWAYS_SEARCH_USER_PATHS = NO;
				ASSETCATALOG_COMPILER_GENERATE_SWIFT_ASSET_SYMBOL_EXTENSIONS = YES;
				CLANG_ANALYZER_NONNULL = YES;
				CLANG_ANALYZER_NUMBER_OBJECT_CONVERSION = YES_AGGRESSIVE;
				CLANG_CXX_LANGUAGE_STANDARD = "gnu++20";
				CLANG_ENABLE_MODULES = YES;
				CLANG_ENABLE_OBJC_ARC = YES;
				CLANG_ENABLE_OBJC_WEAK = YES;
				CLANG_WARN_BLOCK_CAPTURE_AUTORELEASING = YES;
				CLANG_WARN_BOOL_CONVERSION = YES;
				CLANG_WARN_COMMA = YES;
				CLANG_WARN_CONSTANT_CONVERSION = YES;
				CLANG_WARN_DEPRECATED_OBJC_IMPLEMENTATIONS = YES;
				CLANG_WARN_DIRECT_OBJC_ISA_USAGE = YES_ERROR;
				CLANG_WARN_DOCUMENTATION_COMMENTS = YES;
				CLANG_WARN_EMPTY_BODY = YES;
				CLANG_WARN_ENUM_CONVERSION = YES;
				CLANG_WARN_INFINITE_RECURSION = YES;
				CLANG_WARN_INT_CONVERSION = YES;
				CLANG_WARN_NON_LITERAL_NULL_CONVERSION = YES;
				CLANG_WARN_OBJC_IMPLICIT_RETAIN_SELF = YES;
				CLANG_WARN_OBJC_LITERAL_CONVERSION = YES;
				CLANG_WARN_OBJC_ROOT_CLASS = YES_ERROR;
				CLANG_WARN_QUOTED_INCLUDE_IN_FRAMEWORK_HEADER = YES;
				CLANG_WARN_RANGE_LOOP_ANALYSIS = YES;
				CLANG_WARN_STRICT_PROTOTYPES = YES;
				CLANG_WARN_SUSPICIOUS_MOVE = YES;
				CLANG_WARN_UNGUARDED_AVAILABILITY = YES_AGGRESSIVE;
				CLANG_WARN_UNREACHABLE_CODE = YES;
				CLANG_WARN__DUPLICATE_METHOD_MATCH = YES;
				COPY_PHASE_STRIP = NO;
				DEBUG_INFORMATION_FORMAT = dwarf;
				ENABLE_STRICT_OBJC_MSGSEND = YES;
				ENABLE_TESTABILITY = YES;
				ENABLE_USER_SCRIPT_SANDBOXING = YES;
				GCC_C_LANGUAGE_STANDARD = gnu17;
				GCC_DYNAMIC_NO_PIC = NO;
				GCC_NO_COMMON_BLOCKS = YES;
				GCC_OPTIMIZATION_LEVEL = 0;
				GCC_PREPROCESSOR_DEFINITIONS = (
					"DEBUG=1",
					"$(inherited)",
				);
				GCC_WARN_64_TO_32_BIT_CONVERSION = YES;
				GCC_WARN_ABOUT_RETURN_TYPE = YES_ERROR;
				GCC_WARN_UNDECLARED_SELECTOR = YES;
				GCC_WARN_UNINITIALIZED_AUTOS = YES_AGGRESSIVE;
				GCC_WARN_UNUSED_FUNCTION = YES;
				GCC_WARN_UNUSED_VARIABLE = YES;
				IPHONEOS_DEPLOYMENT_TARGET = 17.5;
				LOCALIZATION_PREFERS_STRING_CATALOGS = YES;
				MTL_ENABLE_DEBUG_INFO = INCLUDE_SOURCE;
				MTL_FAST_MATH = YES;
				ONLY_ACTIVE_ARCH = YES;
				SDKROOT = iphoneos;
				SWIFT_ACTIVE_COMPILATION_CONDITIONS = "DEBUG $(inherited)";
				SWIFT_OPTIMIZATION_LEVEL = "-Onone";
			};
			name = Debug;
		};
		924315D52C74CD2B009D1583 /* Release */ = {
			isa = XCBuildConfiguration;
			baseConfigurationReference = 924315D92C74CF95009D1583 /* Prod.xcconfig */;
			buildSettings = {
				ALWAYS_SEARCH_USER_PATHS = NO;
				ASSETCATALOG_COMPILER_GENERATE_SWIFT_ASSET_SYMBOL_EXTENSIONS = YES;
				CLANG_ANALYZER_NONNULL = YES;
				CLANG_ANALYZER_NUMBER_OBJECT_CONVERSION = YES_AGGRESSIVE;
				CLANG_CXX_LANGUAGE_STANDARD = "gnu++20";
				CLANG_ENABLE_MODULES = YES;
				CLANG_ENABLE_OBJC_ARC = YES;
				CLANG_ENABLE_OBJC_WEAK = YES;
				CLANG_WARN_BLOCK_CAPTURE_AUTORELEASING = YES;
				CLANG_WARN_BOOL_CONVERSION = YES;
				CLANG_WARN_COMMA = YES;
				CLANG_WARN_CONSTANT_CONVERSION = YES;
				CLANG_WARN_DEPRECATED_OBJC_IMPLEMENTATIONS = YES;
				CLANG_WARN_DIRECT_OBJC_ISA_USAGE = YES_ERROR;
				CLANG_WARN_DOCUMENTATION_COMMENTS = YES;
				CLANG_WARN_EMPTY_BODY = YES;
				CLANG_WARN_ENUM_CONVERSION = YES;
				CLANG_WARN_INFINITE_RECURSION = YES;
				CLANG_WARN_INT_CONVERSION = YES;
				CLANG_WARN_NON_LITERAL_NULL_CONVERSION = YES;
				CLANG_WARN_OBJC_IMPLICIT_RETAIN_SELF = YES;
				CLANG_WARN_OBJC_LITERAL_CONVERSION = YES;
				CLANG_WARN_OBJC_ROOT_CLASS = YES_ERROR;
				CLANG_WARN_QUOTED_INCLUDE_IN_FRAMEWORK_HEADER = YES;
				CLANG_WARN_RANGE_LOOP_ANALYSIS = YES;
				CLANG_WARN_STRICT_PROTOTYPES = YES;
				CLANG_WARN_SUSPICIOUS_MOVE = YES;
				CLANG_WARN_UNGUARDED_AVAILABILITY = YES_AGGRESSIVE;
				CLANG_WARN_UNREACHABLE_CODE = YES;
				CLANG_WARN__DUPLICATE_METHOD_MATCH = YES;
				COPY_PHASE_STRIP = NO;
				DEBUG_INFORMATION_FORMAT = "dwarf-with-dsym";
				ENABLE_NS_ASSERTIONS = NO;
				ENABLE_STRICT_OBJC_MSGSEND = YES;
				ENABLE_USER_SCRIPT_SANDBOXING = YES;
				GCC_C_LANGUAGE_STANDARD = gnu17;
				GCC_NO_COMMON_BLOCKS = YES;
				GCC_WARN_64_TO_32_BIT_CONVERSION = YES;
				GCC_WARN_ABOUT_RETURN_TYPE = YES_ERROR;
				GCC_WARN_UNDECLARED_SELECTOR = YES;
				GCC_WARN_UNINITIALIZED_AUTOS = YES_AGGRESSIVE;
				GCC_WARN_UNUSED_FUNCTION = YES;
				GCC_WARN_UNUSED_VARIABLE = YES;
				IPHONEOS_DEPLOYMENT_TARGET = 17.5;
				LOCALIZATION_PREFERS_STRING_CATALOGS = YES;
				MTL_ENABLE_DEBUG_INFO = NO;
				MTL_FAST_MATH = YES;
				SDKROOT = iphoneos;
				SWIFT_COMPILATION_MODE = wholemodule;
				VALIDATE_PRODUCT = YES;
			};
			name = Release;
		};
		924315D72C74CD2B009D1583 /* Debug */ = {
			isa = XCBuildConfiguration;
			baseConfigurationReference = 6AF18CE3F8A30FC380B0A957 /* Pods-PhotoGrid.debug.xcconfig */;
			buildSettings = {
				ASSETCATALOG_COMPILER_APPICON_NAME = AppIcon;
				ASSETCATALOG_COMPILER_GLOBAL_ACCENT_COLOR_NAME = AccentColor;
				CODE_SIGN_STYLE = Automatic;
				CURRENT_PROJECT_VERSION = 1;
				DEVELOPMENT_TEAM = 4GECBT57HV;
				ENABLE_USER_SCRIPT_SANDBOXING = NO;
				GENERATE_INFOPLIST_FILE = YES;
				INFOPLIST_FILE = PhotoGrid/Info.plist;
				INFOPLIST_KEY_CFBundleDisplayName = PhotoGrid;
				INFOPLIST_KEY_UIApplicationSupportsIndirectInputEvents = YES;
				INFOPLIST_KEY_UILaunchStoryboardName = LaunchScreen;
				INFOPLIST_KEY_UIMainStoryboardFile = Main;
				INFOPLIST_KEY_UISupportedInterfaceOrientations = "UIInterfaceOrientationLandscapeLeft UIInterfaceOrientationLandscapeRight UIInterfaceOrientationPortrait";
				INFOPLIST_KEY_UISupportedInterfaceOrientations_iPad = "UIInterfaceOrientationLandscapeLeft UIInterfaceOrientationLandscapeRight UIInterfaceOrientationPortrait UIInterfaceOrientationPortraitUpsideDown";
				IPHONEOS_DEPLOYMENT_TARGET = 13.0;
				LD_RUNPATH_SEARCH_PATHS = (
					"$(inherited)",
					"@executable_path/Frameworks",
				);
				MARKETING_VERSION = 1.0;
				PRODUCT_BUNDLE_IDENTIFIER = com.thebillionaire.PhotoGrid;
				PRODUCT_NAME = "$(TARGET_NAME)";
				SWIFT_EMIT_LOC_STRINGS = YES;
				SWIFT_VERSION = 5.0;
				TARGETED_DEVICE_FAMILY = "1,2";
			};
			name = Debug;
		};
		924315D82C74CD2B009D1583 /* Release */ = {
			isa = XCBuildConfiguration;
			baseConfigurationReference = D0A493D43B59DA18F54A77AB /* Pods-PhotoGrid.release.xcconfig */;
			buildSettings = {
				ASSETCATALOG_COMPILER_APPICON_NAME = AppIcon;
				ASSETCATALOG_COMPILER_GLOBAL_ACCENT_COLOR_NAME = AccentColor;
				CODE_SIGN_STYLE = Automatic;
				CURRENT_PROJECT_VERSION = 1;
				DEVELOPMENT_TEAM = 4GECBT57HV;
				ENABLE_USER_SCRIPT_SANDBOXING = NO;
				GENERATE_INFOPLIST_FILE = YES;
				INFOPLIST_FILE = PhotoGrid/Info.plist;
				INFOPLIST_KEY_CFBundleDisplayName = PhotoGrid;
				INFOPLIST_KEY_UIApplicationSupportsIndirectInputEvents = YES;
				INFOPLIST_KEY_UILaunchStoryboardName = LaunchScreen;
				INFOPLIST_KEY_UIMainStoryboardFile = Main;
				INFOPLIST_KEY_UISupportedInterfaceOrientations = "UIInterfaceOrientationLandscapeLeft UIInterfaceOrientationLandscapeRight UIInterfaceOrientationPortrait";
				INFOPLIST_KEY_UISupportedInterfaceOrientations_iPad = "UIInterfaceOrientationLandscapeLeft UIInterfaceOrientationLandscapeRight UIInterfaceOrientationPortrait UIInterfaceOrientationPortraitUpsideDown";
				IPHONEOS_DEPLOYMENT_TARGET = 13.0;
				LD_RUNPATH_SEARCH_PATHS = (
					"$(inherited)",
					"@executable_path/Frameworks",
				);
				MARKETING_VERSION = 1.0;
				PRODUCT_BUNDLE_IDENTIFIER = com.thebillionaire.PhotoGrid;
				PRODUCT_NAME = "$(TARGET_NAME)";
				SWIFT_EMIT_LOC_STRINGS = YES;
				SWIFT_VERSION = 5.0;
				TARGETED_DEVICE_FAMILY = "1,2";
			};
			name = Release;
		};
		924315E02C74DB2A009D1583 /* Debug(Dev) */ = {
			isa = XCBuildConfiguration;
			baseConfigurationReference = 924315DB2C74CFCF009D1583 /* Dev.xcconfig */;
			buildSettings = {
				ALWAYS_SEARCH_USER_PATHS = NO;
				ASSETCATALOG_COMPILER_GENERATE_SWIFT_ASSET_SYMBOL_EXTENSIONS = YES;
				CLANG_ANALYZER_NONNULL = YES;
				CLANG_ANALYZER_NUMBER_OBJECT_CONVERSION = YES_AGGRESSIVE;
				CLANG_CXX_LANGUAGE_STANDARD = "gnu++20";
				CLANG_ENABLE_MODULES = YES;
				CLANG_ENABLE_OBJC_ARC = YES;
				CLANG_ENABLE_OBJC_WEAK = YES;
				CLANG_WARN_BLOCK_CAPTURE_AUTORELEASING = YES;
				CLANG_WARN_BOOL_CONVERSION = YES;
				CLANG_WARN_COMMA = YES;
				CLANG_WARN_CONSTANT_CONVERSION = YES;
				CLANG_WARN_DEPRECATED_OBJC_IMPLEMENTATIONS = YES;
				CLANG_WARN_DIRECT_OBJC_ISA_USAGE = YES_ERROR;
				CLANG_WARN_DOCUMENTATION_COMMENTS = YES;
				CLANG_WARN_EMPTY_BODY = YES;
				CLANG_WARN_ENUM_CONVERSION = YES;
				CLANG_WARN_INFINITE_RECURSION = YES;
				CLANG_WARN_INT_CONVERSION = YES;
				CLANG_WARN_NON_LITERAL_NULL_CONVERSION = YES;
				CLANG_WARN_OBJC_IMPLICIT_RETAIN_SELF = YES;
				CLANG_WARN_OBJC_LITERAL_CONVERSION = YES;
				CLANG_WARN_OBJC_ROOT_CLASS = YES_ERROR;
				CLANG_WARN_QUOTED_INCLUDE_IN_FRAMEWORK_HEADER = YES;
				CLANG_WARN_RANGE_LOOP_ANALYSIS = YES;
				CLANG_WARN_STRICT_PROTOTYPES = YES;
				CLANG_WARN_SUSPICIOUS_MOVE = YES;
				CLANG_WARN_UNGUARDED_AVAILABILITY = YES_AGGRESSIVE;
				CLANG_WARN_UNREACHABLE_CODE = YES;
				CLANG_WARN__DUPLICATE_METHOD_MATCH = YES;
				COPY_PHASE_STRIP = NO;
				DEBUG_INFORMATION_FORMAT = dwarf;
				ENABLE_STRICT_OBJC_MSGSEND = YES;
				ENABLE_TESTABILITY = YES;
				ENABLE_USER_SCRIPT_SANDBOXING = YES;
				GCC_C_LANGUAGE_STANDARD = gnu17;
				GCC_DYNAMIC_NO_PIC = NO;
				GCC_NO_COMMON_BLOCKS = YES;
				GCC_OPTIMIZATION_LEVEL = 0;
				GCC_PREPROCESSOR_DEFINITIONS = (
					"DEBUG=1",
					"$(inherited)",
				);
				GCC_WARN_64_TO_32_BIT_CONVERSION = YES;
				GCC_WARN_ABOUT_RETURN_TYPE = YES_ERROR;
				GCC_WARN_UNDECLARED_SELECTOR = YES;
				GCC_WARN_UNINITIALIZED_AUTOS = YES_AGGRESSIVE;
				GCC_WARN_UNUSED_FUNCTION = YES;
				GCC_WARN_UNUSED_VARIABLE = YES;
				IPHONEOS_DEPLOYMENT_TARGET = 17.5;
				LOCALIZATION_PREFERS_STRING_CATALOGS = YES;
				MTL_ENABLE_DEBUG_INFO = INCLUDE_SOURCE;
				MTL_FAST_MATH = YES;
				ONLY_ACTIVE_ARCH = YES;
				SDKROOT = iphoneos;
				SWIFT_ACTIVE_COMPILATION_CONDITIONS = "DEBUG $(inherited)";
				SWIFT_OPTIMIZATION_LEVEL = "-Onone";
			};
			name = "Debug(Dev)";
		};
		924315E12C74DB2A009D1583 /* Debug(Dev) */ = {
			isa = XCBuildConfiguration;
			baseConfigurationReference = 295DFE1A13111C3CCEE3A2D8 /* Pods-PhotoGrid.debug(dev).xcconfig */;
			buildSettings = {
				ASSETCATALOG_COMPILER_APPICON_NAME = AppIcon;
				ASSETCATALOG_COMPILER_GLOBAL_ACCENT_COLOR_NAME = AccentColor;
				CODE_SIGN_STYLE = Automatic;
				CURRENT_PROJECT_VERSION = 1;
				DEVELOPMENT_TEAM = 4GECBT57HV;
				ENABLE_USER_SCRIPT_SANDBOXING = NO;
				GENERATE_INFOPLIST_FILE = YES;
				INFOPLIST_FILE = PhotoGrid/Info.plist;
				INFOPLIST_KEY_CFBundleDisplayName = PhotoGrid_dev;
				INFOPLIST_KEY_UIApplicationSupportsIndirectInputEvents = YES;
				INFOPLIST_KEY_UILaunchStoryboardName = LaunchScreen;
				INFOPLIST_KEY_UIMainStoryboardFile = Main;
				INFOPLIST_KEY_UISupportedInterfaceOrientations = "UIInterfaceOrientationLandscapeLeft UIInterfaceOrientationLandscapeRight UIInterfaceOrientationPortrait";
				INFOPLIST_KEY_UISupportedInterfaceOrientations_iPad = "UIInterfaceOrientationLandscapeLeft UIInterfaceOrientationLandscapeRight UIInterfaceOrientationPortrait UIInterfaceOrientationPortraitUpsideDown";
				IPHONEOS_DEPLOYMENT_TARGET = 13.0;
				LD_RUNPATH_SEARCH_PATHS = (
					"$(inherited)",
					"@executable_path/Frameworks",
				);
				MARKETING_VERSION = 1.0;
				PRODUCT_BUNDLE_IDENTIFIER = com.thebillionaire.PhotoGrid.dev;
				PRODUCT_NAME = "$(TARGET_NAME)";
				SWIFT_EMIT_LOC_STRINGS = YES;
				SWIFT_VERSION = 5.0;
				TARGETED_DEVICE_FAMILY = "1,2";
			};
			name = "Debug(Dev)";
		};
		924315E22C74DB37009D1583 /* Release(Dev) */ = {
			isa = XCBuildConfiguration;
			baseConfigurationReference = 924315DB2C74CFCF009D1583 /* Dev.xcconfig */;
			buildSettings = {
				ALWAYS_SEARCH_USER_PATHS = NO;
				ASSETCATALOG_COMPILER_GENERATE_SWIFT_ASSET_SYMBOL_EXTENSIONS = YES;
				CLANG_ANALYZER_NONNULL = YES;
				CLANG_ANALYZER_NUMBER_OBJECT_CONVERSION = YES_AGGRESSIVE;
				CLANG_CXX_LANGUAGE_STANDARD = "gnu++20";
				CLANG_ENABLE_MODULES = YES;
				CLANG_ENABLE_OBJC_ARC = YES;
				CLANG_ENABLE_OBJC_WEAK = YES;
				CLANG_WARN_BLOCK_CAPTURE_AUTORELEASING = YES;
				CLANG_WARN_BOOL_CONVERSION = YES;
				CLANG_WARN_COMMA = YES;
				CLANG_WARN_CONSTANT_CONVERSION = YES;
				CLANG_WARN_DEPRECATED_OBJC_IMPLEMENTATIONS = YES;
				CLANG_WARN_DIRECT_OBJC_ISA_USAGE = YES_ERROR;
				CLANG_WARN_DOCUMENTATION_COMMENTS = YES;
				CLANG_WARN_EMPTY_BODY = YES;
				CLANG_WARN_ENUM_CONVERSION = YES;
				CLANG_WARN_INFINITE_RECURSION = YES;
				CLANG_WARN_INT_CONVERSION = YES;
				CLANG_WARN_NON_LITERAL_NULL_CONVERSION = YES;
				CLANG_WARN_OBJC_IMPLICIT_RETAIN_SELF = YES;
				CLANG_WARN_OBJC_LITERAL_CONVERSION = YES;
				CLANG_WARN_OBJC_ROOT_CLASS = YES_ERROR;
				CLANG_WARN_QUOTED_INCLUDE_IN_FRAMEWORK_HEADER = YES;
				CLANG_WARN_RANGE_LOOP_ANALYSIS = YES;
				CLANG_WARN_STRICT_PROTOTYPES = YES;
				CLANG_WARN_SUSPICIOUS_MOVE = YES;
				CLANG_WARN_UNGUARDED_AVAILABILITY = YES_AGGRESSIVE;
				CLANG_WARN_UNREACHABLE_CODE = YES;
				CLANG_WARN__DUPLICATE_METHOD_MATCH = YES;
				COPY_PHASE_STRIP = NO;
				DEBUG_INFORMATION_FORMAT = "dwarf-with-dsym";
				ENABLE_NS_ASSERTIONS = NO;
				ENABLE_STRICT_OBJC_MSGSEND = YES;
				ENABLE_USER_SCRIPT_SANDBOXING = YES;
				GCC_C_LANGUAGE_STANDARD = gnu17;
				GCC_NO_COMMON_BLOCKS = YES;
				GCC_WARN_64_TO_32_BIT_CONVERSION = YES;
				GCC_WARN_ABOUT_RETURN_TYPE = YES_ERROR;
				GCC_WARN_UNDECLARED_SELECTOR = YES;
				GCC_WARN_UNINITIALIZED_AUTOS = YES_AGGRESSIVE;
				GCC_WARN_UNUSED_FUNCTION = YES;
				GCC_WARN_UNUSED_VARIABLE = YES;
				IPHONEOS_DEPLOYMENT_TARGET = 17.5;
				LOCALIZATION_PREFERS_STRING_CATALOGS = YES;
				MTL_ENABLE_DEBUG_INFO = NO;
				MTL_FAST_MATH = YES;
				SDKROOT = iphoneos;
				SWIFT_COMPILATION_MODE = wholemodule;
				VALIDATE_PRODUCT = YES;
			};
			name = "Release(Dev)";
		};
		924315E32C74DB37009D1583 /* Release(Dev) */ = {
			isa = XCBuildConfiguration;
			baseConfigurationReference = 0A0858A0E024C20BFBD4E0AA /* Pods-PhotoGrid.release(dev).xcconfig */;
			buildSettings = {
				ASSETCATALOG_COMPILER_APPICON_NAME = AppIcon;
				ASSETCATALOG_COMPILER_GLOBAL_ACCENT_COLOR_NAME = AccentColor;
				CODE_SIGN_STYLE = Automatic;
				CURRENT_PROJECT_VERSION = 1;
				DEVELOPMENT_TEAM = 4GECBT57HV;
				ENABLE_USER_SCRIPT_SANDBOXING = NO;
				GENERATE_INFOPLIST_FILE = YES;
				INFOPLIST_FILE = PhotoGrid/Info.plist;
				INFOPLIST_KEY_CFBundleDisplayName = PhotoGrid_dev;
				INFOPLIST_KEY_UIApplicationSupportsIndirectInputEvents = YES;
				INFOPLIST_KEY_UILaunchStoryboardName = LaunchScreen;
				INFOPLIST_KEY_UIMainStoryboardFile = Main;
				INFOPLIST_KEY_UISupportedInterfaceOrientations = "UIInterfaceOrientationLandscapeLeft UIInterfaceOrientationLandscapeRight UIInterfaceOrientationPortrait";
				INFOPLIST_KEY_UISupportedInterfaceOrientations_iPad = "UIInterfaceOrientationLandscapeLeft UIInterfaceOrientationLandscapeRight UIInterfaceOrientationPortrait UIInterfaceOrientationPortraitUpsideDown";
				IPHONEOS_DEPLOYMENT_TARGET = 13.0;
				LD_RUNPATH_SEARCH_PATHS = (
					"$(inherited)",
					"@executable_path/Frameworks",
				);
				MARKETING_VERSION = 1.0;
				PRODUCT_BUNDLE_IDENTIFIER = com.thebillionaire.PhotoGrid.dev;
				PRODUCT_NAME = "$(TARGET_NAME)";
				SWIFT_EMIT_LOC_STRINGS = YES;
				SWIFT_VERSION = 5.0;
				TARGETED_DEVICE_FAMILY = "1,2";
			};
			name = "Release(Dev)";
		};
/* End XCBuildConfiguration section */

/* Begin XCConfigurationList section */
		924315BD2C74CD28009D1583 /* Build configuration list for PBXProject "PhotoGrid" */ = {
			isa = XCConfigurationList;
			buildConfigurations = (
				924315D42C74CD2B009D1583 /* Debug */,
				924315E02C74DB2A009D1583 /* Debug(Dev) */,
				924315D52C74CD2B009D1583 /* Release */,
				924315E22C74DB37009D1583 /* Release(Dev) */,
			);
			defaultConfigurationIsVisible = 0;
			defaultConfigurationName = Release;
		};
		924315D62C74CD2B009D1583 /* Build configuration list for PBXNativeTarget "PhotoGrid" */ = {
			isa = XCConfigurationList;
			buildConfigurations = (
				924315D72C74CD2B009D1583 /* Debug */,
				924315E12C74DB2A009D1583 /* Debug(Dev) */,
				924315D82C74CD2B009D1583 /* Release */,
				924315E32C74DB37009D1583 /* Release(Dev) */,
			);
			defaultConfigurationIsVisible = 0;
			defaultConfigurationName = Release;
		};
/* End XCConfigurationList section */
	};
	rootObject = 924315BA2C74CD28009D1583 /* Project object */;
}
